{
    "_readme": [
        "This file locks the dependencies of your project to a known state",
        "Read more about it at https://getcomposer.org/doc/01-basic-usage.md#composer-lock-the-lock-file",
        "This file is @generated automatically"
    ],
    "hash": "7c8f4bcead37cb58ffaaf4e0d16cc425",
    "content-hash": "242ff6844a4da5b904fe52ef495cae2a",
    "packages": [
        {
            "name": "wmateam/curling",
            "version": "0.7.4",
            "source": {
                "type": "git",
                "url": "https://github.com/wmateam/curling.git",
                "reference": "819c671dd3bf97af0962848d32dec7665fc604aa"
            },
            "dist": {
                "type": "zip",
                "url": "https://api.github.com/repos/wmateam/curling/zipball/819c671dd3bf97af0962848d32dec7665fc604aa",
                "reference": "819c671dd3bf97af0962848d32dec7665fc604aa",
                "shasum": ""
            },
            "require": {
                "php": ">=5.4"
            },
            "require-dev": {
                "phpunit/phpunit": "4.0.*"
            },
            "type": "library",
            "autoload": {
                "psr-4": {
                    "wmateam\\curling\\": "src"
                }
            },
            "notification-url": "https://packagist.org/downloads/",
            "license": [
                "MIT"
            ],
            "authors": [
                {
                    "name": "Mohammad Javad Afkari",
                    "email": "wmateam@gmail.com"
                }
            ],
            "description": "CURL request Handler for PHP",
            "homepage": "https://github.com/wmateam/curling",
            "keywords": [
                "curl",
                "php",
                "request",
                "response"
            ],
            "time": "2017-04-07 17:41:42"
        }
    ],
    "packages-dev": [],
    "aliases": [],
    "minimum-stability": "stable",
    "stability-flags": [],
    "prefer-stable": false,
    "prefer-lowest": false,
    "platform": [],
    "platform-dev": []
}
